
Microsoft Visual Studio Solution File, Format Version 12.00
# Visual Studio 15
Project("{FAE04EC0-301F-11D3-BF4B-00C04F79EFBC}") = "IntroducingOfProgramming", "IntroducingOfProgramming\IntroducingOfProgramming.csproj", "{5ECBED99-65AD-42A3-BC50-CA2DC53BD067}"
EndProject
Global
	GlobalSection(SolutionConfigurationPlatforms) = preSolution
		Debug|Any CPU = Debug|Any CPU
		Release|Any CPU = Release|Any CPU
	EndGlobalSection
	GlobalSection(ProjectConfigurationPlatforms) = postSolution
		{5ECBED99-65AD-42A3-BC50-CA2DC53BD067}.Debug|Any CPU.ActiveCfg = Debug|Any CPU
		{5ECBED99-65AD-42A3-BC50-CA2DC53BD067}.Debug|Any CPU.Build.0 = Debug|Any CPU
		{5ECBED99-65AD-42A3-BC50-CA2DC53BD067}.Release|Any CPU.ActiveCfg = Release|Any CPU
		{5ECBED99-65AD-42A3-BC50-CA2DC53BD067}.Release|Any CPU.Build.0 = Release|Any CPU
	EndGlobalSection
EndGlobal
